
Microsoft Visual Studio Solution File, Format Version 12.00
# Visual Studio 15
VisualStudioVersion = 15.0.28307.757
MinimumVisualStudioVersion = 10.0.40219.1
Project("{FAE04EC0-301F-11D3-BF4B-00C04F79EFBC}") = "WindowsFormsApp1", "WindowsFormsApp1\WindowsFormsApp1.csproj", "{C64101DD-2E10-4112-8903-1941BF85A093}"
EndProject
Global
	GlobalSection(SolutionConfigurationPlatforms) = preSolution
		Debug|Any CPU = Debug|Any CPU
		Release|Any CPU = Release|Any CPU
	EndGlobalSection
	GlobalSection(ProjectConfigurationPlatforms) = postSolution
		{C64101DD-2E10-4112-8903-1941BF85A093}.Debug|Any CPU.ActiveCfg = Debug|Any CPU
		{C64101DD-2E10-4112-8903-1941BF85A093}.Debug|Any CPU.Build.0 = Debug|Any CPU
		{C64101DD-2E10-4112-8903-1941BF85A093}.Release|Any CPU.ActiveCfg = Release|Any CPU
		{C64101DD-2E10-4112-8903-1941BF85A093}.Release|Any CPU.Build.0 = Release|Any CPU
	EndGlobalSection
	GlobalSection(SolutionProperties) = preSolution
		HideSolutionNode = FALSE
	EndGlobalSection
	GlobalSection(ExtensibilityGlobals) = postSolution
		SolutionGuid = {49D3DC45-3A80-4ED2-958F-DAE157182F53}
	EndGlobalSection
EndGlobal
